
Microsoft Visual Studio Solution File, Format Version 12.00
# Visual Studio Version 16
VisualStudioVersion = 16.0.30517.126
MinimumVisualStudioVersion = 10.0.40219.1
Project("{2150E333-8FDC-42A3-9474-1A3956D46DE8}") = "Catalog", "Catalog", "{83E79C82-C933-48C2-B9D9-0BAB8C66D229}"
EndProject
Project("{9A19103F-16F7-4668-BE54-9A1E7A4F7556}") = "Catalog.API", "src\Catalog\Catalog.API\Catalog.API.csproj", "{7B2D16AD-AB31-4536-95F3-1368A9678971}"
EndProject
Project("{2150E333-8FDC-42A3-9474-1A3956D46DE8}") = "src", "src", "{43FB8DCC-878B-4813-9E5B-C1D119DDFE74}"
EndProject
Project("{2150E333-8FDC-42A3-9474-1A3956D46DE8}") = "Basket", "Basket", "{57E132AA-6173-4BD6-949C-5B338CEBBDA5}"
EndProject
Project("{9A19103F-16F7-4668-BE54-9A1E7A4F7556}") = "Basket.API", "src\Basket\Basket.API\Basket.API.csproj", "{B9E9A968-13C1-417C-BE45-E202E7DFE3CB}"
EndProject
Project("{E53339B2-1760-4266-BCC7-CA923CBCF16C}") = "docker-compose", "docker-compose.dcproj", "{925F020B-CAEA-4504-88B6-B0C513B65996}"
EndProject
Project("{2150E333-8FDC-42A3-9474-1A3956D46DE8}") = "Common", "Common", "{AFABC0DD-4CA1-4219-89AF-49175B3FF376}"
EndProject
Project("{9A19103F-16F7-4668-BE54-9A1E7A4F7556}") = "EventBusRabbitMQ", "src\Common\EventBusRabbitMQ\EventBusRabbitMQ.csproj", "{E3F1DD85-1D93-4F02-8AA9-14E5C267644C}"
EndProject
Project("{2150E333-8FDC-42A3-9474-1A3956D46DE8}") = "Ordering", "Ordering", "{268556D2-DA37-42B5-963B-4071419C2ABC}"
EndProject
Project("{9A19103F-16F7-4668-BE54-9A1E7A4F7556}") = "Ordering.API", "src\Ordering\Ordering.API\Ordering.API.csproj", "{4BF5A6F7-E6CC-4A45-BF78-A675015A49DF}"
EndProject
Project("{FAE04EC0-301F-11D3-BF4B-00C04F79EFBC}") = "Ordering.Core", "src\Ordering\Ordering.Core\Ordering.Core.csproj", "{51FAACB2-04F9-43A8-A82C-3E8D0FCD4AFF}"
EndProject
Project("{FAE04EC0-301F-11D3-BF4B-00C04F79EFBC}") = "Ordering.Infrastructure", "src\Ordering\Ordering.Infrastructure\Ordering.Infrastructure.csproj", "{CF6F5A6D-ED0F-4801-A888-64D8AFC47965}"
EndProject
Project("{FAE04EC0-301F-11D3-BF4B-00C04F79EFBC}") = "Ordering.Application", "src\Ordering\Ordering.Application\Ordering.Application.csproj", "{42F6AD3E-8B8D-4D5F-90B9-7E010261045A}"
EndProject
Global
	GlobalSection(SolutionConfigurationPlatforms) = preSolution
		Debug|Any CPU = Debug|Any CPU
		Release|Any CPU = Release|Any CPU
	EndGlobalSection
	GlobalSection(ProjectConfigurationPlatforms) = postSolution
		{7B2D16AD-AB31-4536-95F3-1368A9678971}.Debug|Any CPU.ActiveCfg = Debug|Any CPU
		{7B2D16AD-AB31-4536-95F3-1368A9678971}.Debug|Any CPU.Build.0 = Debug|Any CPU
		{7B2D16AD-AB31-4536-95F3-1368A9678971}.Release|Any CPU.ActiveCfg = Release|Any CPU
		{7B2D16AD-AB31-4536-95F3-1368A9678971}.Release|Any CPU.Build.0 = Release|Any CPU
		{B9E9A968-13C1-417C-BE45-E202E7DFE3CB}.Debug|Any CPU.ActiveCfg = Debug|Any CPU
		{B9E9A968-13C1-417C-BE45-E202E7DFE3CB}.Debug|Any CPU.Build.0 = Debug|Any CPU
		{B9E9A968-13C1-417C-BE45-E202E7DFE3CB}.Release|Any CPU.ActiveCfg = Release|Any CPU
		{B9E9A968-13C1-417C-BE45-E202E7DFE3CB}.Release|Any CPU.Build.0 = Release|Any CPU
		{925F020B-CAEA-4504-88B6-B0C513B65996}.Debug|Any CPU.ActiveCfg = Debug|Any CPU
		{925F020B-CAEA-4504-88B6-B0C513B65996}.Debug|Any CPU.Build.0 = Debug|Any CPU
		{925F020B-CAEA-4504-88B6-B0C513B65996}.Release|Any CPU.ActiveCfg = Release|Any CPU
		{925F020B-CAEA-4504-88B6-B0C513B65996}.Release|Any CPU.Build.0 = Release|Any CPU
		{E3F1DD85-1D93-4F02-8AA9-14E5C267644C}.Debug|Any CPU.ActiveCfg = Debug|Any CPU
		{E3F1DD85-1D93-4F02-8AA9-14E5C267644C}.Debug|Any CPU.Build.0 = Debug|Any CPU
		{E3F1DD85-1D93-4F02-8AA9-14E5C267644C}.Release|Any CPU.ActiveCfg = Release|Any CPU
		{E3F1DD85-1D93-4F02-8AA9-14E5C267644C}.Release|Any CPU.Build.0 = Release|Any CPU
		{4BF5A6F7-E6CC-4A45-BF78-A675015A49DF}.Debug|Any CPU.ActiveCfg = Debug|Any CPU
		{4BF5A6F7-E6CC-4A45-BF78-A675015A49DF}.Debug|Any CPU.Build.0 = Debug|Any CPU
		{4BF5A6F7-E6CC-4A45-BF78-A675015A49DF}.Release|Any CPU.ActiveCfg = Release|Any CPU
		{4BF5A6F7-E6CC-4A45-BF78-A675015A49DF}.Release|Any CPU.Build.0 = Release|Any CPU
		{51FAACB2-04F9-43A8-A82C-3E8D0FCD4AFF}.Debug|Any CPU.ActiveCfg = Debug|Any CPU
		{51FAACB2-04F9-43A8-A82C-3E8D0FCD4AFF}.Debug|Any CPU.Build.0 = Debug|Any CPU
		{51FAACB2-04F9-43A8-A82C-3E8D0FCD4AFF}.Release|Any CPU.ActiveCfg = Release|Any CPU
		{51FAACB2-04F9-43A8-A82C-3E8D0FCD4AFF}.Release|Any CPU.Build.0 = Release|Any CPU
		{CF6F5A6D-ED0F-4801-A888-64D8AFC47965}.Debug|Any CPU.ActiveCfg = Debug|Any CPU
		{CF6F5A6D-ED0F-4801-A888-64D8AFC47965}.Debug|Any CPU.Build.0 = Debug|Any CPU
		{CF6F5A6D-ED0F-4801-A888-64D8AFC47965}.Release|Any CPU.ActiveCfg = Release|Any CPU
		{CF6F5A6D-ED0F-4801-A888-64D8AFC47965}.Release|Any CPU.Build.0 = Release|Any CPU
		{42F6AD3E-8B8D-4D5F-90B9-7E010261045A}.Debug|Any CPU.ActiveCfg = Debug|Any CPU
		{42F6AD3E-8B8D-4D5F-90B9-7E010261045A}.Debug|Any CPU.Build.0 = Debug|Any CPU
		{42F6AD3E-8B8D-4D5F-90B9-7E010261045A}.Release|Any CPU.ActiveCfg = Release|Any CPU
		{42F6AD3E-8B8D-4D5F-90B9-7E010261045A}.Release|Any CPU.Build.0 = Release|Any CPU
	EndGlobalSection
	GlobalSection(SolutionProperties) = preSolution
		HideSolutionNode = FALSE
	EndGlobalSection
	GlobalSection(NestedProjects) = preSolution
		{83E79C82-C933-48C2-B9D9-0BAB8C66D229} = {43FB8DCC-878B-4813-9E5B-C1D119DDFE74}
		{7B2D16AD-AB31-4536-95F3-1368A9678971} = {83E79C82-C933-48C2-B9D9-0BAB8C66D229}
		{57E132AA-6173-4BD6-949C-5B338CEBBDA5} = {43FB8DCC-878B-4813-9E5B-C1D119DDFE74}
		{B9E9A968-13C1-417C-BE45-E202E7DFE3CB} = {57E132AA-6173-4BD6-949C-5B338CEBBDA5}
		{AFABC0DD-4CA1-4219-89AF-49175B3FF376} = {43FB8DCC-878B-4813-9E5B-C1D119DDFE74}
		{E3F1DD85-1D93-4F02-8AA9-14E5C267644C} = {AFABC0DD-4CA1-4219-89AF-49175B3FF376}
		{268556D2-DA37-42B5-963B-4071419C2ABC} = {43FB8DCC-878B-4813-9E5B-C1D119DDFE74}
		{4BF5A6F7-E6CC-4A45-BF78-A675015A49DF} = {268556D2-DA37-42B5-963B-4071419C2ABC}
		{51FAACB2-04F9-43A8-A82C-3E8D0FCD4AFF} = {268556D2-DA37-42B5-963B-4071419C2ABC}
		{CF6F5A6D-ED0F-4801-A888-64D8AFC47965} = {268556D2-DA37-42B5-963B-4071419C2ABC}
		{42F6AD3E-8B8D-4D5F-90B9-7E010261045A} = {268556D2-DA37-42B5-963B-4071419C2ABC}
	EndGlobalSection
	GlobalSection(ExtensibilityGlobals) = postSolution
		SolutionGuid = {991C2505-8A69-42F1-AE4E-F06337152D57}
	EndGlobalSection
EndGlobal
